{
  "name": "aituber-discord-dave-receiver",
  "version": "0.1.0",
  "lockfileVersion": 3,
  "requires": true,
  "packages": {
    "": {
      "name": "aituber-discord-dave-receiver",
      "version": "0.1.0",
      "dependencies": {
        "@projectdysnomia/dysnomia": "github:projectdysnomia/dysnomia#dev",
        "@snazzah/davey": "0.1.12",
        "opusscript": "0.1.1",
        "sodium-native": "5.1.0",
        "ws": "8.18.3"
      }
    },
    "node_modules/@emnapi/core": {
      "version": "1.11.2",
      "resolved": "https://registry.npmjs.org/@emnapi/core/-/core-1.11.2.tgz",
      "integrity": "sha512-TC8MkTuZUtcTSiFeuC0ksCh9QIJ5+F21MvZ4Wn4ORfYaFJ/0dsiudv5tVkejgwZlwQ39jL9WWDe2lz8x0WglOA==",
      "license": "MIT",
      "optional": true,
      "peer": true,
      "dependencies": {
        "@emnapi/wasi-threads": "1.2.2",
        "tslib": "^2.4.0"
      }
    },
    "node_modules/@emnapi/runtime": {
      "version": "1.11.2",
      "resolved": "https://registry.npmjs.org/@emnapi/runtime/-/runtime-1.11.2.tgz",
      "integrity": "sha512-kyOl3X0DuTiT1h2ft8r2fYO8JYtU9a9Xis/zBSiGArNaagCOWx90N1k2wxp18czFDH+OgcWGb5ZP/XMt3dcyPA==",
      "license": "MIT",
      "optional": true,
      "peer": true,
      "dependencies": {
        "tslib": "^2.4.0"
      }
    },
    "node_modules/@emnapi/wasi-threads": {
      "version": "1.2.2",
      "resolved": "https://registry.npmjs.org/@emnapi/wasi-threads/-/wasi-threads-1.2.2.tgz",
      "integrity": "sha512-c95qOXkHdydNKhscBTebqEC1CVAZpyqOfVfBzQ1qgzyl3gfeldUjIggDbIZgDKsHLgnsM+igH7TJ/eAasaVuMA==",
      "license": "MIT",
      "optional": true,
      "peer": true,
      "dependencies": {
        "tslib": "^2.4.0"
      }
    },
    "node_modules/@napi-rs/wasm-runtime": {
      "version": "1.1.6",
      "resolved": "https://registry.npmjs.org/@napi-rs/wasm-runtime/-/wasm-runtime-1.1.6.tgz",
      "integrity": "sha512-ZLv/JdUfkvOy9eCnnBaGfiO+XimbjebAeO+MRQqD/B+FR1tnRN0tpKSJHRbE8sFfS6aqsXZ67TQjfwfsxULVbg==",
      "license": "MIT",
      "optional": true,
      "dependencies": {
        "@tybys/wasm-util": "^0.10.3"
      },
      "funding": {
        "type": "github",
        "url": "https://github.com/sponsors/Brooooooklyn"
      },
      "peerDependencies": {
        "@emnapi/core": "^1.7.1",
        "@emnapi/runtime": "^1.7.1"
      }
    },
    "node_modules/@projectdysnomia/dysnomia": {
      "version": "0.3.0-dev",
      "resolved": "git+ssh://git@github.com/projectdysnomia/dysnomia.git#add39eec958dd6e4fb5f88565b6f896602f380bf",
      "license": "MIT",
      "dependencies": {
        "ws": "^8.19.0"
      },
      "engines": {
        "node": ">=18.0.0"
      },
      "optionalDependencies": {
        "@snazzah/davey": "^0.1.10",
        "@stablelib/xchacha20poly1305": "~1.0.1",
        "opusscript": "^0.1.1"
      },
      "peerDependencies": {
        "@discordjs/opus": "^0.10.0",
        "erlpack": "github:discord/erlpack",
        "eventemitter3": "^5.0.1",
        "pako": "^2.1.0",
        "sodium-native": "^5.1.0",
        "zlib-sync": "^0.1.9"
      },
      "peerDependenciesMeta": {
        "@discordjs/opus": {
          "optional": true
        },
        "erlpack": {
          "optional": true
        },
        "eventemitter3": {
          "optional": true
        },
        "pako": {
          "optional": true
        },
        "sodium-native": {
          "optional": true
        },
        "zlib-sync": {
          "optional": true
        }
      }
    },
    "node_modules/@projectdysnomia/dysnomia/node_modules/ws": {
      "version": "8.21.0",
      "resolved": "https://registry.npmjs.org/ws/-/ws-8.21.0.tgz",
      "integrity": "sha512-Vsp28b7DRcimFQvrqu2Wek3z1iYxDCWqHYB8Qsnk/S4RfaCQzPGPyBNuVjJV3cd6UiKtUtp6sNM77gWvzcCH+g==",
      "license": "MIT",
      "engines": {
        "node": ">=10.0.0"
      },
      "peerDependencies": {
        "bufferutil": "^4.0.1",
        "utf-8-validate": ">=5.0.2"
      },
      "peerDependenciesMeta": {
        "bufferutil": {
          "optional": true
        },
        "utf-8-validate": {
          "optional": true
        }
      }
    },
    "node_modules/@snazzah/davey": {
      "version": "0.1.12",
      "resolved": "https://registry.npmjs.org/@snazzah/davey/-/davey-0.1.12.tgz",
      "integrity": "sha512-V+NlX5931RwVamZhhEfZekMdcvXDKdMAmHW1AuGaykVQsNyBOq3bpmGpoKRBDCYgFWKIufJ0Dcg3m4cYhvUy6g==",
      "license": "MIT",
      "engines": {
        "node": ">= 10"
      },
      "funding": {
        "url": "https://github.com/sponsors/Snazzah"
      },
      "optionalDependencies": {
        "@snazzah/davey-android-arm-eabi": "0.1.12",
        "@snazzah/davey-android-arm64": "0.1.12",
        "@snazzah/davey-darwin-arm64": "0.1.12",
        "@snazzah/davey-darwin-x64": "0.1.12",
        "@snazzah/davey-freebsd-x64": "0.1.12",
        "@snazzah/davey-linux-arm-gnueabihf": "0.1.12",
        "@snazzah/davey-linux-arm64-gnu": "0.1.12",
        "@snazzah/davey-linux-arm64-musl": "0.1.12",
        "@snazzah/davey-linux-x64-gnu": "0.1.12",
        "@snazzah/davey-linux-x64-musl": "0.1.12",
        "@snazzah/davey-wasm32-wasi": "0.1.12",
        "@snazzah/davey-win32-arm64-msvc": "0.1.12",
        "@snazzah/davey-win32-ia32-msvc": "0.1.12",
        "@snazzah/davey-win32-x64-msvc": "0.1.12"
      }
    },
    "node_modules/@snazzah/davey-android-arm-eabi": {
      "version": "0.1.12",
      "resolved": "https://registry.npmjs.org/@snazzah/davey-android-arm-eabi/-/davey-android-arm-eabi-0.1.12.tgz",
      "integrity": "sha512-6VC/an+Sx5dI5skb+90rYcIB1jhm48Rl0nDaw0UNT4bz1rMjpVfmmZqeocYXMq96IdbBMlE6OTKGcBm2C3gkQg==",
      "cpu": [
        "arm"
      ],
      "license": "MIT",
      "optional": true,
      "os": [
        "android"
      ],
      "engines": {
        "node": ">= 10"
      }
    },
    "node_modules/@snazzah/davey-android-arm64": {
      "version": "0.1.12",
      "resolved": "https://registry.npmjs.org/@snazzah/davey-android-arm64/-/davey-android-arm64-0.1.12.tgz",
      "integrity": "sha512-0Bwd03/JsTFhlPhF4q/LW0RxSzntFpQdhz+TBdFljYSg8IEyA38saPJeTNjpIgDfhAumPzvhCdfS6O5qT8yXDw==",
      "cpu": [
        "arm64"
      ],
      "license": "MIT",
      "optional": true,
      "os": [
        "android"
      ],
      "engines": {
        "node": ">= 10"
      }
    },
    "node_modules/@snazzah/davey-darwin-arm64": {
      "version": "0.1.12",
      "resolved": "https://registry.npmjs.org/@snazzah/davey-darwin-arm64/-/davey-darwin-arm64-0.1.12.tgz",
      "integrity": "sha512-lKMV6ITi9BQLt0fx/pAT7M8xcojVK7bryVJGdaW3bq8gABFslS3ti/KzrWabQvhpEV71FZe5mV0UcKHFVaTsZw==",
      "cpu": [
        "arm64"
      ],
      "license": "MIT",
      "optional": true,
      "os": [
        "darwin"
      ],
      "engines": {
        "node": ">= 10"
      }
    },
    "node_modules/@snazzah/davey-darwin-x64": {
      "version": "0.1.12",
      "resolved": "https://registry.npmjs.org/@snazzah/davey-darwin-x64/-/davey-darwin-x64-0.1.12.tgz",
      "integrity": "sha512-vXXc/eW/e3TQeb7VsdtrPqs3/22j0aSqiP1ZXmZtDjQRBwgSxwItWYa6sh5MELP2EHB2igNlGzB6Hc0XlbGi4g==",
      "cpu": [
        "x64"
      ],
      "license": "MIT",
      "optional": true,
      "os": [
        "darwin"
      ],
      "engines": {
        "node": ">= 10"
      }
    },
    "node_modules/@snazzah/davey-freebsd-x64": {
      "version": "0.1.12",
      "resolved": "https://registry.npmjs.org/@snazzah/davey-freebsd-x64/-/davey-freebsd-x64-0.1.12.tgz",
      "integrity": "sha512-G1gas5HrC4Xp3mRY0+OeAqXS6fG2tRgBEc8gQh69Hw4YK9RV9mzQKcmoKMkBM72U1+2C+2u57dolnKKzwozByQ==",
      "cpu": [
        "x64"
      ],
      "license": "MIT",
      "optional": true,
      "os": [
        "freebsd"
      ],
      "engines": {
        "node": ">= 10"
      }
    },
    "node_modules/@snazzah/davey-linux-arm-gnueabihf": {
      "version": "0.1.12",
      "resolved": "https://registry.npmjs.org/@snazzah/davey-linux-arm-gnueabihf/-/davey-linux-arm-gnueabihf-0.1.12.tgz",
      "integrity": "sha512-97Fujh82r2Ll7dPZeNuoZ3yKfsqycf3c93OWXOo/ThNL/18Onl2Ht4SIvpX6VHhfeS9bDpHJ1lHCaz1b/i5ocw==",
      "cpu": [
        "arm"
      ],
      "license": "MIT",
      "optional": true,
      "os": [
        "linux"
      ],
      "engines": {
        "node": ">= 10"
      }
    },
    "node_modules/@snazzah/davey-linux-arm64-gnu": {
      "version": "0.1.12",
      "resolved": "https://registry.npmjs.org/@snazzah/davey-linux-arm64-gnu/-/davey-linux-arm64-gnu-0.1.12.tgz",
      "integrity": "sha512-FWyAOv52cHKDM4BOsmImKKogHFvqNFoXmZcicNJbX3XpVl8Mas88ZoXQ+IA5V+qc9pNtAl1MbWwEZ9JrqAQtbg==",
      "cpu": [
        "arm64"
      ],
      "libc": [
        "glibc"
      ],
      "license": "MIT",
      "optional": true,
      "os": [
        "linux"
      ],
      "engines": {
        "node": ">= 10"
      }
    },
    "node_modules/@snazzah/davey-linux-arm64-musl": {
      "version": "0.1.12",
      "resolved": "https://registry.npmjs.org/@snazzah/davey-linux-arm64-musl/-/davey-linux-arm64-musl-0.1.12.tgz",
      "integrity": "sha512-ptRbLSQxtV6EjXppS5z7qaPDI0NRKhrkJYsTlAjEghmOvlAObozSCYYnMO6nbkt6Ab3+lWqyahClzcRNcD2ouw==",
      "cpu": [
        "arm64"
      ],
      "libc": [
        "musl"
      ],
      "license": "MIT",
      "optional": true,
      "os": [
        "linux"
      ],
      "engines": {
        "node": ">= 10"
      }
    },
    "node_modules/@snazzah/davey-linux-x64-gnu": {
      "version": "0.1.12",
      "resolved": "https://registry.npmjs.org/@snazzah/davey-linux-x64-gnu/-/davey-linux-x64-gnu-0.1.12.tgz",
      "integrity": "sha512-w86fZvhJn0ErOoAQHt2UbQ95V/cgwvfvQ4GlTPQLCzt58nn+rLlXLgPn90qYlSQrZxFW38rKXwqVOMbm9p+pwQ==",
      "cpu": [
        "x64"
      ],
      "libc": [
        "glibc"
      ],
      "license": "MIT",
      "optional": true,
      "os": [
        "linux"
      ],
      "engines": {
        "node": ">= 10"
      }
    },
    "node_modules/@snazzah/davey-linux-x64-musl": {
      "version": "0.1.12",
      "resolved": "https://registry.npmjs.org/@snazzah/davey-linux-x64-musl/-/davey-linux-x64-musl-0.1.12.tgz",
      "integrity": "sha512-LLNnO+hfG41ymeI+O1YHo5/0h3aKaetUNLdkBwpdJsjoyKMXZaeCnB+aHNkkupJCMPmWS0g6iPMCHUOqZSBcTg==",
      "cpu": [
        "x64"
      ],
      "libc": [
        "musl"
      ],
      "license": "MIT",
      "optional": true,
      "os": [
        "linux"
      ],
      "engines": {
        "node": ">= 10"
      }
    },
    "node_modules/@snazzah/davey-wasm32-wasi": {
      "version": "0.1.12",
      "resolved": "https://registry.npmjs.org/@snazzah/davey-wasm32-wasi/-/davey-wasm32-wasi-0.1.12.tgz",
      "integrity": "sha512-MPKFuqYVkDFXheR7qmtEY4FWxQ/ADfgsCojQWHi13sibUqCTR9q2F1LqNn2i9IVh3sh1sxeg87fdFMCH63pl7g==",
      "cpu": [
        "wasm32"
      ],
      "license": "MIT",
      "optional": true,
      "dependencies": {
        "@napi-rs/wasm-runtime": "^1.1.5"
      },
      "engines": {
        "node": ">=14.0.0"
      }
    },
    "node_modules/@snazzah/davey-win32-arm64-msvc": {
      "version": "0.1.12",
      "resolved": "https://registry.npmjs.org/@snazzah/davey-win32-arm64-msvc/-/davey-win32-arm64-msvc-0.1.12.tgz",
      "integrity": "sha512-Uf4OYHyfbXpzyaOqIV8/h6kv166Qni5+Bxmc1E/ov4uhhKO8qXbOky8zbVOzu0U4cv5ll3s4IQ8jDAJkx/K75Q==",
      "cpu": [
        "arm64"
      ],
      "license": "MIT",
      "optional": true,
      "os": [
        "win32"
      ],
      "engines": {
        "node": ">= 10"
      }
    },
    "node_modules/@snazzah/davey-win32-ia32-msvc": {
      "version": "0.1.12",
      "resolved": "https://registry.npmjs.org/@snazzah/davey-win32-ia32-msvc/-/davey-win32-ia32-msvc-0.1.12.tgz",
      "integrity": "sha512-nRVbKTsb2ldcPI8D4BDA7P/UeiMEMvR+wYuUMp7H1pRD/3dF2hKo+MzUU+Pn78EhuYA3CWHItiAcS/GsPld67A==",
      "cpu": [
        "ia32"
      ],
      "license": "MIT",
      "optional": true,
      "os": [
        "win32"
      ],
      "engines": {
        "node": ">= 10"
      }
    },
    "node_modules/@snazzah/davey-win32-x64-msvc": {
      "version": "0.1.12",
      "resolved": "https://registry.npmjs.org/@snazzah/davey-win32-x64-msvc/-/davey-win32-x64-msvc-0.1.12.tgz",
      "integrity": "sha512-AgUA3itPDVkxQq7RIkgE1thCiWePwWjyfOZefBBxGIlMWpRUOSwF4vY9kNLnrScyJcFULdR+Zm8PwiwV8/RKnw==",
      "cpu": [
        "x64"
      ],
      "license": "MIT",
      "optional": true,
      "os": [
        "win32"
      ],
      "engines": {
        "node": ">= 10"
      }
    },
    "node_modules/@stablelib/aead": {
      "version": "1.0.1",
      "resolved": "https://registry.npmjs.org/@stablelib/aead/-/aead-1.0.1.tgz",
      "integrity": "sha512-q39ik6sxGHewqtO0nP4BuSe3db5G1fEJE8ukvngS2gLkBXyy6E7pLubhbYgnkDFv6V8cWaxcE4Xn0t6LWcJkyg==",
      "license": "MIT",
      "optional": true
    },
    "node_modules/@stablelib/binary": {
      "version": "1.0.1",
      "resolved": "https://registry.npmjs.org/@stablelib/binary/-/binary-1.0.1.tgz",
      "integrity": "sha512-ClJWvmL6UBM/wjkvv/7m5VP3GMr9t0osr4yVgLZsLCOz4hGN9gIAFEqnJ0TsSMAN+n840nf2cHZnA5/KFqHC7Q==",
      "license": "MIT",
      "optional": true,
      "dependencies": {
        "@stablelib/int": "^1.0.1"
      }
    },
    "node_modules/@stablelib/chacha": {
      "version": "1.0.1",
      "resolved": "https://registry.npmjs.org/@stablelib/chacha/-/chacha-1.0.1.tgz",
      "integrity": "sha512-Pmlrswzr0pBzDofdFuVe1q7KdsHKhhU24e8gkEwnTGOmlC7PADzLVxGdn2PoNVBBabdg0l/IfLKg6sHAbTQugg==",
      "license": "MIT",
      "optional": true,
      "dependencies": {
        "@stablelib/binary": "^1.0.1",
        "@stablelib/wipe": "^1.0.1"
      }
    },
    "node_modules/@stablelib/chacha20poly1305": {
      "version": "1.0.1",
      "resolved": "https://registry.npmjs.org/@stablelib/chacha20poly1305/-/chacha20poly1305-1.0.1.tgz",
      "integrity": "sha512-MmViqnqHd1ymwjOQfghRKw2R/jMIGT3wySN7cthjXCBdO+qErNPUBnRzqNpnvIwg7JBCg3LdeCZZO4de/yEhVA==",
      "license": "MIT",
      "optional": true,
      "dependencies": {
        "@stablelib/aead": "^1.0.1",
        "@stablelib/binary": "^1.0.1",
        "@stablelib/chacha": "^1.0.1",
        "@stablelib/constant-time": "^1.0.1",
        "@stablelib/poly1305": "^1.0.1",
        "@stablelib/wipe": "^1.0.1"
      }
    },
    "node_modules/@stablelib/constant-time": {
      "version": "1.0.1",
      "resolved": "https://registry.npmjs.org/@stablelib/constant-time/-/constant-time-1.0.1.tgz",
      "integrity": "sha512-tNOs3uD0vSJcK6z1fvef4Y+buN7DXhzHDPqRLSXUel1UfqMB1PWNsnnAezrKfEwTLpN0cGH2p9NNjs6IqeD0eg==",
      "license": "MIT",
      "optional": true
    },
    "node_modules/@stablelib/int": {
      "version": "1.0.1",
      "resolved": "https://registry.npmjs.org/@stablelib/int/-/int-1.0.1.tgz",
      "integrity": "sha512-byr69X/sDtDiIjIV6m4roLVWnNNlRGzsvxw+agj8CIEazqWGOQp2dTYgQhtyVXV9wpO6WyXRQUzLV/JRNumT2w==",
      "license": "MIT",
      "optional": true
    },
    "node_modules/@stablelib/poly1305": {
      "version": "1.0.1",
      "resolved": "https://registry.npmjs.org/@stablelib/poly1305/-/poly1305-1.0.1.tgz",
      "integrity": "sha512-1HlG3oTSuQDOhSnLwJRKeTRSAdFNVB/1djy2ZbS35rBSJ/PFqx9cf9qatinWghC2UbfOYD8AcrtbUQl8WoxabA==",
      "license": "MIT",
      "optional": true,
      "dependencies": {
        "@stablelib/constant-time": "^1.0.1",
        "@stablelib/wipe": "^1.0.1"
      }
    },
    "node_modules/@stablelib/wipe": {
      "version": "1.0.1",
      "resolved": "https://registry.npmjs.org/@stablelib/wipe/-/wipe-1.0.1.tgz",
      "integrity": "sha512-WfqfX/eXGiAd3RJe4VU2snh/ZPwtSjLG4ynQ/vYzvghTh7dHFcI1wl+nrkWG6lGhukOxOsUHfv8dUXr58D0ayg==",
      "license": "MIT",
      "optional": true
    },
    "node_modules/@stablelib/xchacha20": {
      "version": "1.0.1",
      "resolved": "https://registry.npmjs.org/@stablelib/xchacha20/-/xchacha20-1.0.1.tgz",
      "integrity": "sha512-1YkiZnFF4veUwBVhDnDYwo6EHeKzQK4FnLiO7ezCl/zu64uG0bCCAUROJaBkaLH+5BEsO3W7BTXTguMbSLlWSw==",
      "license": "MIT",
      "optional": true,
      "dependencies": {
        "@stablelib/binary": "^1.0.1",
        "@stablelib/chacha": "^1.0.1",
        "@stablelib/wipe": "^1.0.1"
      }
    },
    "node_modules/@stablelib/xchacha20poly1305": {
      "version": "1.0.1",
      "resolved": "https://registry.npmjs.org/@stablelib/xchacha20poly1305/-/xchacha20poly1305-1.0.1.tgz",
      "integrity": "sha512-B1Abj0sMJ8h3HNmGnJ7vHBrAvxuNka6cJJoZ1ILN7iuacXp7sUYcgOVEOTLWj+rtQMpspY9tXSCRLPmN1mQNWg==",
      "license": "MIT",
      "optional": true,
      "dependencies": {
        "@stablelib/aead": "^1.0.1",
        "@stablelib/chacha20poly1305": "^1.0.1",
        "@stablelib/constant-time": "^1.0.1",
        "@stablelib/wipe": "^1.0.1",
        "@stablelib/xchacha20": "^1.0.1"
      }
    },
    "node_modules/@tybys/wasm-util": {
      "version": "0.10.3",
      "resolved": "https://registry.npmjs.org/@tybys/wasm-util/-/wasm-util-0.10.3.tgz",
      "integrity": "sha512-F3fo1MYrRJYL3zER0OUOmkutjr1Vp23m7OsSgp7nq4SP6OqX6C/56XFIPAl5bt3zaBRjmW7SGz3u/6LwFpYcOg==",
      "license": "MIT",
      "optional": true,
      "dependencies": {
        "tslib": "^2.4.0"
      }
    },
    "node_modules/b4a": {
      "version": "1.8.1",
      "resolved": "https://registry.npmjs.org/b4a/-/b4a-1.8.1.tgz",
      "integrity": "sha512-aiqre1Nr0B/6DgE2N5vwTc+2/oQZ4Wh1t4NznYY4E00y8LCt6NqdRv81so00oo27D8MVKTpUa/MwUUtBLXCoDw==",
      "license": "Apache-2.0",
      "peerDependencies": {
        "react-native-b4a": "*"
      },
      "peerDependenciesMeta": {
        "react-native-b4a": {
          "optional": true
        }
      }
    },
    "node_modules/bare-addon-resolve": {
      "version": "1.10.0",
      "resolved": "https://registry.npmjs.org/bare-addon-resolve/-/bare-addon-resolve-1.10.0.tgz",
      "integrity": "sha512-sSd0jieRJlDaODOzj0oe0RjFVC1QI0ZIjGIdPkbrTXsdVVtENg14c+lHHAhHwmWCZ2nQlMhy8jA3Y5LYPc/isA==",
      "license": "Apache-2.0",
      "dependencies": {
        "bare-module-resolve": "^1.10.0",
        "bare-semver": "^1.0.0"
      },
      "peerDependencies": {
        "bare-url": "*"
      },
      "peerDependenciesMeta": {
        "bare-url": {
          "optional": true
        }
      }
    },
    "node_modules/bare-ansi-escapes": {
      "version": "2.2.3",
      "resolved": "https://registry.npmjs.org/bare-ansi-escapes/-/bare-ansi-escapes-2.2.3.tgz",
      "integrity": "sha512-02ES4/E2RbrtZSnHJ9LntBhYkLA6lPpSEeP8iqS3MccBIVhVBlEmruF1I7HZqx5Q8aiTeYfQVeqmrU9YO2yYoQ==",
      "license": "Apache-2.0",
      "dependencies": {
        "bare-stream": "^2.6.5"
      },
      "peerDependencies": {
        "bare-buffer": "*"
      },
      "peerDependenciesMeta": {
        "bare-buffer": {
          "optional": true
        }
      }
    },
    "node_modules/bare-assert": {
      "version": "1.2.0",
      "resolved": "https://registry.npmjs.org/bare-assert/-/bare-assert-1.2.0.tgz",
      "integrity": "sha512-c6uvgvTJBspTDxtVnPgrBKmLgcpW3Fp72NVKDLg6oT4QjQbhGtvrkHMhGYMK1sh4vjBHOBmuUalyt9hSzV37fQ==",
      "license": "Apache-2.0",
      "dependencies": {
        "bare-inspect": "^3.1.2"
      }
    },
    "node_modules/bare-events": {
      "version": "2.9.1",
      "resolved": "https://registry.npmjs.org/bare-events/-/bare-events-2.9.1.tgz",
      "integrity": "sha512-Z0oHEHAFDZkffN8Qc39zNZjQlMDkPJRyyyZieU1VH7u8c5S+qHZ2S8ixdKIAxEjfHO7FJxXmJWgteOghVanIsg==",
      "license": "Apache-2.0",
      "peerDependencies": {
        "bare-abort-controller": "*"
      },
      "peerDependenciesMeta": {
        "bare-abort-controller": {
          "optional": true
        }
      }
    },
    "node_modules/bare-inspect": {
      "version": "3.1.4",
      "resolved": "https://registry.npmjs.org/bare-inspect/-/bare-inspect-3.1.4.tgz",
      "integrity": "sha512-jfW5KRA84o3REpI6Vr4nbvMn+hqVAw8GU1mMdRwUsY5yJovQamxYeKGVKGqdzs+8ZbG4jRzGUXP/3Ji/DnqfPg==",
      "license": "Apache-2.0",
      "dependencies": {
        "bare-ansi-escapes": "^2.1.0",
        "bare-type": "^1.0.0"
      },
      "engines": {
        "bare": ">=1.18.0"
      }
    },
    "node_modules/bare-module-resolve": {
      "version": "1.12.2",
      "resolved": "https://registry.npmjs.org/bare-module-resolve/-/bare-module-resolve-1.12.2.tgz",
      "integrity": "sha512-j+hiD5k99qec4KjJvYsI67q5AOBifmy9JG3oeMVxTmvrhn2sIdp8StrUvZu4YNgwTpO+NhniQG16N1ETDe1k5w==",
      "license": "Apache-2.0",
      "dependencies": {
        "bare-semver": "^1.0.0"
      },
      "peerDependencies": {
        "bare-url": "*"
      },
      "peerDependenciesMeta": {
        "bare-url": {
          "optional": true
        }
      }
    },
    "node_modules/bare-semver": {
      "version": "1.1.0",
      "resolved": "https://registry.npmjs.org/bare-semver/-/bare-semver-1.1.0.tgz",
      "integrity": "sha512-1Hw5qJ7hXdVt3uPUqjeFTuxyvBUJauvz5A1I2jk8gzjZMHp04n//6nV9MDbG9CMw78JHY2lGV0w6s//LrASm2w==",
      "license": "Apache-2.0"
    },
    "node_modules/bare-stream": {
      "version": "2.13.3",
      "resolved": "https://registry.npmjs.org/bare-stream/-/bare-stream-2.13.3.tgz",
      "integrity": "sha512-Kc+brLqvEqGkjyfiwJmImAOqLZL7OsoLKuavx+hJjgVV3nLTOjloJyPMFxjUPerGGHrNH0fLU06jjykMLWrERQ==",
      "license": "Apache-2.0",
      "dependencies": {
        "b4a": "^1.8.1",
        "streamx": "^2.25.0",
        "teex": "^1.0.1"
      },
      "peerDependencies": {
        "bare-abort-controller": "*",
        "bare-buffer": "*",
        "bare-events": "*"
      },
      "peerDependenciesMeta": {
        "bare-abort-controller": {
          "optional": true
        },
        "bare-buffer": {
          "optional": true
        },
        "bare-events": {
          "optional": true
        }
      }
    },
    "node_modules/bare-type": {
      "version": "1.1.0",
      "resolved": "https://registry.npmjs.org/bare-type/-/bare-type-1.1.0.tgz",
      "integrity": "sha512-LdtnnEEYldOc87Dr4GpsKnStStZk3zfgoEMXy8yvEZkXrcCv9RtYDrUYWFsBQHtaB0s1EUWmcvS6XmEZYIj3Bw==",
      "license": "Apache-2.0",
      "engines": {
        "bare": ">=1.2.0"
      }
    },
    "node_modules/events-universal": {
      "version": "1.0.1",
      "resolved": "https://registry.npmjs.org/events-universal/-/events-universal-1.0.1.tgz",
      "integrity": "sha512-LUd5euvbMLpwOF8m6ivPCbhQeSiYVNb8Vs0fQ8QjXo0JTkEHpz8pxdQf0gStltaPpw0Cca8b39KxvK9cfKRiAw==",
      "license": "Apache-2.0",
      "dependencies": {
        "bare-events": "^2.7.0"
      }
    },
    "node_modules/fast-fifo": {
      "version": "1.3.2",
      "resolved": "https://registry.npmjs.org/fast-fifo/-/fast-fifo-1.3.2.tgz",
      "integrity": "sha512-/d9sfos4yxzpwkDkuN7k2SqFKtYNmCTzgfEpz82x34IM9/zc8KGxQoXg1liNC/izpRM/MBdt44Nmx41ZWqk+FQ==",
      "license": "MIT"
    },
    "node_modules/opusscript": {
      "version": "0.1.1",
      "resolved": "https://registry.npmjs.org/opusscript/-/opusscript-0.1.1.tgz",
      "integrity": "sha512-mL0fZZOUnXdZ78woRXp18lApwpp0lF5tozJOD1Wut0dgrA9WuQTgSels/CSmFleaAZrJi/nci5KOVtbuxeWoQA==",
      "license": "MIT"
    },
    "node_modules/require-addon": {
      "version": "1.2.0",
      "resolved": "https://registry.npmjs.org/require-addon/-/require-addon-1.2.0.tgz",
      "integrity": "sha512-VNPDZlYgIYQwWp9jMTzljx+k0ZtatKlcvOhktZ/anNPI3dQ9NXk7cq2U4iJ1wd9IrytRnYhyEocFWbkdPb+MYA==",
      "license": "Apache-2.0",
      "dependencies": {
        "bare-addon-resolve": "^1.3.0"
      },
      "engines": {
        "bare": ">=1.10.0"
      }
    },
    "node_modules/sodium-native": {
      "version": "5.1.0",
      "resolved": "https://registry.npmjs.org/sodium-native/-/sodium-native-5.1.0.tgz",
      "integrity": "sha512-3RxgyWyJlhTsABPnJVpCI5CoTDANZTqqFrEPqr+kjfnRaBihpVtMUE3yTF40ukdoB1APXeoBNKF3MzZAIHg39g==",
      "license": "MIT",
      "dependencies": {
        "bare-assert": "^1.2.0",
        "require-addon": "^1.1.0",
        "which-runtime": "^1.2.1"
      },
      "engines": {
        "bare": ">=1.16.0"
      }
    },
    "node_modules/streamx": {
      "version": "2.28.0",
      "resolved": "https://registry.npmjs.org/streamx/-/streamx-2.28.0.tgz",
      "integrity": "sha512-1Yowhzjf0ivGMrTIkY9hav5TxobO9qIVqUE41fiCGMGgc3CLlf4MY+9AHmZqBWgDTue0fY9zWjYFVyf6Diuobw==",
      "license": "MIT",
      "dependencies": {
        "events-universal": "^1.0.0",
        "fast-fifo": "^1.3.2",
        "text-decoder": "^1.1.0"
      }
    },
    "node_modules/teex": {
      "version": "1.0.1",
      "resolved": "https://registry.npmjs.org/teex/-/teex-1.0.1.tgz",
      "integrity": "sha512-eYE6iEI62Ni1H8oIa7KlDU6uQBtqr4Eajni3wX7rpfXD8ysFx8z0+dri+KWEPWpBsxXfxu58x/0jvTVT1ekOSg==",
      "license": "MIT",
      "dependencies": {
        "streamx": "^2.12.5"
      }
    },
    "node_modules/text-decoder": {
      "version": "1.2.7",
      "resolved": "https://registry.npmjs.org/text-decoder/-/text-decoder-1.2.7.tgz",
      "integrity": "sha512-vlLytXkeP4xvEq2otHeJfSQIRyWxo/oZGEbXrtEEF9Hnmrdly59sUbzZ/QgyWuLYHctCHxFF4tRQZNQ9k60ExQ==",
      "license": "Apache-2.0",
      "dependencies": {
        "b4a": "^1.6.4"
      }
    },
    "node_modules/tslib": {
      "version": "2.8.1",
      "resolved": "https://registry.npmjs.org/tslib/-/tslib-2.8.1.tgz",
      "integrity": "sha512-oJFu94HQb+KVduSUQL7wnpmqnfmLsOA/nAh6b6EH0wCEoK0/mPeXU6c3wKDV83MkOuHPRHtSXKKU99IBazS/2w==",
      "license": "0BSD",
      "optional": true
    },
    "node_modules/which-runtime": {
      "version": "1.4.0",
      "resolved": "https://registry.npmjs.org/which-runtime/-/which-runtime-1.4.0.tgz",
      "integrity": "sha512-0ugbP4CJW4e2D20jvEcC4973dCgIaHI4Rw1PT+26U9zEve7FyYdWAIwUnoeOYvoCfn+wXHoHTKb1KhkYlb60Pw==",
      "license": "Apache-2.0"
    },
    "node_modules/ws": {
      "version": "8.18.3",
      "resolved": "https://registry.npmjs.org/ws/-/ws-8.18.3.tgz",
      "integrity": "sha512-PEIGCY5tSlUt50cqyMXfCzX+oOPqN0vuGqWzbcJ2xvnkzkq46oOpz7dQaTDBdfICb4N14+GARUDw2XV2N4tvzg==",
      "license": "MIT",
      "engines": {
        "node": ">=10.0.0"
      },
      "peerDependencies": {
        "bufferutil": "^4.0.1",
        "utf-8-validate": ">=5.0.2"
      },
      "peerDependenciesMeta": {
        "bufferutil": {
          "optional": true
        },
        "utf-8-validate": {
          "optional": true
        }
      }
    }
  }
}
